// !$*UTF8*$!
{
	archiveVersion = 1;
	classes = {
	};
	objectVersion = 50;
	objects = {

/* Begin PBXBuildFile section */
		9717BEC92612022D009EC6E4 /* AppDelegate.swift in Sources */ = {isa = PBXBuildFile; fileRef = 9717BEC82612022D009EC6E4 /* AppDelegate.swift */; };
		9717BECB2612022D009EC6E4 /* SceneDelegate.swift in Sources */ = {isa = PBXBuildFile; fileRef = 9717BECA2612022D009EC6E4 /* SceneDelegate.swift */; };
		9717BECD2612022D009EC6E4 /* ViewController.swift in Sources */ = {isa = PBXBuildFile; fileRef = 9717BECC2612022D009EC6E4 /* ViewController.swift */; };
		9717BED02612022D009EC6E4 /* Main.storyboard in Resources */ = {isa = PBXBuildFile; fileRef = 9717BECE2612022D009EC6E4 /* Main.storyboard */; };
		9717BED22612022E009EC6E4 /* Assets.xcassets in Resources */ = {isa = PBXBuildFile; fileRef = 9717BED12612022E009EC6E4 /* Assets.xcassets */; };
		9717BED52612022E009EC6E4 /* LaunchScreen.storyboard in Resources */ = {isa = PBXBuildFile; fileRef = 9717BED32612022E009EC6E4 /* LaunchScreen.storyboard */; };
/* End PBXBuildFile section */

/* Begin PBXFileReference section */
		9717BEC52612022D009EC6E4 /* AppFeaturesReproduction.app */ = {isa = PBXFileReference; explicitFileType = wrapper.application; includeInIndex = 0; path = AppFeaturesReproduction.app; sourceTree = BUILT_PRODUCTS_DIR; };
		9717BEC82612022D009EC6E4 /* AppDelegate.swift */ = {isa = PBXFileReference; lastKnownFileType = sourcecode.swift; path = AppDelegate.swift; sourceTree = "<group>"; };
		9717BECA2612022D009EC6E4 /* SceneDelegate.swift */ = {isa = PBXFileReference; lastKnownFileType = sourcecode.swift; path = SceneDelegate.swift; sourceTree = "<group>"; };
		9717BECC2612022D009EC6E4 /* ViewController.swift */ = {isa = PBXFileReference; lastKnownFileType = sourcecode.swift; path = ViewController.swift; sourceTree = "<group>"; };
		9717BECF2612022D009EC6E4 /* Base */ = {isa = PBXFileReference; lastKnownFileType = file.storyboard; name = Base; path = Base.lproj/Main.storyboard; sourceTree = "<group>"; };
		9717BED12612022E009EC6E4 /* Assets.xcassets */ = {isa = PBXFileReference; lastKnownFileType = folder.assetcatalog; path = Assets.xcassets; sourceTree = "<group>"; };
		9717BED42612022E009EC6E4 /* Base */ = {isa = PBXFileReference; lastKnownFileType = file.storyboard; name = Base; path = Base.lproj/LaunchScreen.storyboard; sourceTree = "<group>"; };
		9717BED62612022E009EC6E4 /* Info.plist */ = {isa = PBXFileReference; lastKnownFileType = text.plist.xml; path = Info.plist; sourceTree = "<group>"; };
/* End PBXFileReference section */

/* Begin PBXFrameworksBuildPhase section */
		9717BEC22612022D009EC6E4 /* Frameworks */ = {
			isa = PBXFrameworksBuildPhase;
			buildActionMask = 2147483647;
			files = (
			);
			runOnlyForDeploymentPostprocessing = 0;
		};
/* End PBXFrameworksBuildPhase section */

/* Begin PBXGroup section */
		9717BEBC2612022D009EC6E4 = {
			isa = PBXGroup;
			children = (
				9717BEC72612022D009EC6E4 /* AppFeaturesReproduction */,
				9717BEC62612022D009EC6E4 /* Products */,
			);
			sourceTree = "<group>";
		};
		9717BEC62612022D009EC6E4 /* Products */ = {
			isa = PBXGroup;
			children = (
				9717BEC52612022D009EC6E4 /* AppFeaturesReproduction.app */,
			);
			name = Products;
			sourceTree = "<group>";
		};
		9717BEC72612022D009EC6E4 /* AppFeaturesReproduction */ = {
			isa = PBXGroup;
			children = (
				9717BEC82612022D009EC6E4 /* AppDelegate.swift */,
				9717BECA2612022D009EC6E4 /* SceneDelegate.swift */,
				9717BECC2612022D009EC6E4 /* ViewController.swift */,
				9717BECE2612022D009EC6E4 /* Main.storyboard */,
				9717BED12612022E009EC6E4 /* Assets.xcassets */,
				9717BED32612022E009EC6E4 /* LaunchScreen.storyboard */,
				9717BED62612022E009EC6E4 /* Info.plist */,
			);
			path = AppFeaturesReproduction;
			sourceTree = "<group>";
		};
/* End PBXGroup section */

/* Begin PBXNativeTarget section */
		9717BEC42612022D009EC6E4 /* AppFeaturesReproduction */ = {
			isa = PBXNativeTarget;
			buildConfigurationList = 9717BED92612022E009EC6E4 /* Build configuration list for PBXNativeTarget "AppFeaturesReproduction" */;
			buildPhases = (
				9717BEC12612022D009EC6E4 /* Sources */,
				9717BEC22612022D009EC6E4 /* Frameworks */,
				9717BEC32612022D009EC6E4 /* Resources */,
			);
			buildRules = (
			);
			dependencies = (
			);
			name = AppFeaturesReproduction;
			productName = AppFeaturesReproduction;
			productReference = 9717BEC52612022D009EC6E4 /* AppFeaturesReproduction.app */;
			productType = "com.apple.product-type.application";
		};
/* End PBXNativeTarget section */

/* Begin PBXProject section */
		9717BEBD2612022D009EC6E4 /* Project object */ = {
			isa = PBXProject;
			attributes = {
				LastSwiftUpdateCheck = 1240;
				LastUpgradeCheck = 1240;
				TargetAttributes = {
					9717BEC42612022D009EC6E4 = {
						CreatedOnToolsVersion = 12.4;
					};
				};
			};
			buildConfigurationList = 9717BEC02612022D009EC6E4 /* Build configuration list for PBXProject "AppFeaturesReproduction" */;
			compatibilityVersion = "Xcode 9.3";
			developmentRegion = en;
			hasScannedForEncodings = 0;
			knownRegions = (
				en,
				Base,
			);
			mainGroup = 9717BEBC2612022D009EC6E4;
			productRefGroup = 9717BEC62612022D009EC6E4 /* Products */;
			projectDirPath = "";
			projectRoot = "";
			targets = (
				9717BEC42612022D009EC6E4 /* AppFeaturesReproduction */,
			);
		};
/* End PBXProject section */

/* Begin PBXResourcesBuildPhase section */
		9717BEC32612022D009EC6E4 /* Resources */ = {
			isa = PBXResourcesBuildPhase;
			buildActionMask = 2147483647;
			files = (
				9717BED52612022E009EC6E4 /* LaunchScreen.storyboard in Resources */,
				9717BED22612022E009EC6E4 /* Assets.xcassets in Resources */,
				9717BED02612022D009EC6E4 /* Main.storyboard in Resources */,
			);
			runOnlyForDeploymentPostprocessing = 0;
		};
/* End PBXResourcesBuildPhase section */

/* Begin PBXSourcesBuildPhase section */
		9717BEC12612022D009EC6E4 /* Sources */ = {
			isa = PBXSourcesBuildPhase;
			buildActionMask = 2147483647;
			files = (
				9717BECD2612022D009EC6E4 /* ViewController.swift in Sources */,
				9717BEC92612022D009EC6E4 /* AppDelegate.swift in Sources */,
				9717BECB2612022D009EC6E4 /* SceneDelegate.swift in Sources */,
			);
			runOnlyForDeploymentPostprocessing = 0;
		};
/* End PBXSourcesBuildPhase section */

/* Begin PBXVariantGroup section */
		9717BECE2612022D009EC6E4 /* Main.storyboard */ = {
			isa = PBXVariantGroup;
			children = (
				9717BECF2612022D009EC6E4 /* Base */,
			);
			name = Main.storyboard;
			sourceTree = "<group>";
		};
		9717BED32612022E009EC6E4 /* LaunchScreen.storyboard */ = {
			isa = PBXVariantGroup;
			children = (
				9717BED42612022E009EC6E4 /* Base */,
			);
			name = LaunchScreen.storyboard;
			sourceTree = "<group>";
		};
/* End PBXVariantGroup section */

/* Begin XCBuildConfiguration section */
		9717BED72612022E009EC6E4 /* Debug */ = {
			isa = XCBuildConfiguration;
			buildSettings = {
				ALWAYS_SEARCH_USER_PATHS = NO;
				CLANG_ANALYZER_NONNULL = YES;
				CLANG_ANALYZER_NUMBER_OBJECT_CONVERSION = YES_AGGRESSIVE;
				CLANG_CXX_LANGUAGE_STANDARD = "gnu++14";
				CLANG_CXX_LIBRARY = "libc++";
				CLANG_ENABLE_MODULES = YES;
				CLANG_ENABLE_OBJC_ARC = YES;
				CLANG_ENABLE_OBJC_WEAK = YES;
				CLANG_WARN_BLOCK_CAPTURE_AUTORELEASING = YES;
				CLANG_WARN_BOOL_CONVERSION = YES;
				CLANG_WARN_COMMA = YES;
				CLANG_WARN_CONSTANT_CONVERSION = YES;
				CLANG_WARN_DEPRECATED_OBJC_IMPLEMENTATIONS = YES;
				CLANG_WARN_DIRECT_OBJC_ISA_USAGE = YES_ERROR;
				CLANG_WARN_DOCUMENTATION_COMMENTS = YES;
				CLANG_WARN_EMPTY_BODY = YES;
				CLANG_WARN_ENUM_CONVERSION = YES;
				CLANG_WARN_INFINITE_RECURSION = YES;
				CLANG_WARN_INT_CONVERSION = YES;
				CLANG_WARN_NON_LITERAL_NULL_CONVERSION = YES;
				CLANG_WARN_OBJC_IMPLICIT_RETAIN_SELF = YES;
				CLANG_WARN_OBJC_LITERAL_CONVERSION = YES;
				CLANG_WARN_OBJC_ROOT_CLASS = YES_ERROR;
				CLANG_WARN_QUOTED_INCLUDE_IN_FRAMEWORK_HEADER = YES;
				CLANG_WARN_RANGE_LOOP_ANALYSIS = YES;
				CLANG_WARN_STRICT_PROTOTYPES = YES;
				CLANG_WARN_SUSPICIOUS_MOVE = YES;
				CLANG_WARN_UNGUARDED_AVAILABILITY = YES_AGGRESSIVE;
				CLANG_WARN_UNREACHABLE_CODE = YES;
				CLANG_WARN__DUPLICATE_METHOD_MATCH = YES;
				COPY_PHASE_STRIP = NO;
				DEBUG_INFORMATION_FORMAT = dwarf;
				ENABLE_STRICT_OBJC_MSGSEND = YES;
				ENABLE_TESTABILITY = YES;
				GCC_C_LANGUAGE_STANDARD = gnu11;
				GCC_DYNAMIC_NO_PIC = NO;
				GCC_NO_COMMON_BLOCKS = YES;
				GCC_OPTIMIZATION_LEVEL = 0;
				GCC_PREPROCESSOR_DEFINITIONS = (
					"DEBUG=1",
					"$(inherited)",
				);
				GCC_WARN_64_TO_32_BIT_CONVERSION = YES;
				GCC_WARN_ABOUT_RETURN_TYPE = YES_ERROR;
				GCC_WARN_UNDECLARED_SELECTOR = YES;
				GCC_WARN_UNINITIALIZED_AUTOS = YES_AGGRESSIVE;
				GCC_WARN_UNUSED_FUNCTION = YES;
				GCC_WARN_UNUSED_VARIABLE = YES;
				IPHONEOS_DEPLOYMENT_TARGET = 14.4;
				MTL_ENABLE_DEBUG_INFO = INCLUDE_SOURCE;
				MTL_FAST_MATH = YES;
				ONLY_ACTIVE_ARCH = YES;
				SDKROOT = iphoneos;
				SWIFT_ACTIVE_COMPILATION_CONDITIONS = DEBUG;
				SWIFT_OPTIMIZATION_LEVEL = "-Onone";
			};
			name = Debug;
		};
		9717BED82612022E009EC6E4 /* Release */ = {
			isa = XCBuildConfiguration;
			buildSettings = {
				ALWAYS_SEARCH_USER_PATHS = NO;
				CLANG_ANALYZER_NONNULL = YES;
				CLANG_ANALYZER_NUMBER_OBJECT_CONVERSION = YES_AGGRESSIVE;
				CLANG_CXX_LANGUAGE_STANDARD = "gnu++14";
				CLANG_CXX_LIBRARY = "libc++";
				CLANG_ENABLE_MODULES = YES;
				CLANG_ENABLE_OBJC_ARC = YES;
				CLANG_ENABLE_OBJC_WEAK = YES;
				CLANG_WARN_BLOCK_CAPTURE_AUTORELEASING = YES;
				CLANG_WARN_BOOL_CONVERSION = YES;
				CLANG_WARN_COMMA = YES;
				CLANG_WARN_CONSTANT_CONVERSION = YES;
				CLANG_WARN_DEPRECATED_OBJC_IMPLEMENTATIONS = YES;
				CLANG_WARN_DIRECT_OBJC_ISA_USAGE = YES_ERROR;
				CLANG_WARN_DOCUMENTATION_COMMENTS = YES;
				CLANG_WARN_EMPTY_BODY = YES;
				CLANG_WARN_ENUM_CONVERSION = YES;
				CLANG_WARN_INFINITE_RECURSION = YES;
				CLANG_WARN_INT_CONVERSION = YES;
				CLANG_WARN_NON_LITERAL_NULL_CONVERSION = YES;
				CLANG_WARN_OBJC_IMPLICIT_RETAIN_SELF = YES;
				CLANG_WARN_OBJC_LITERAL_CONVERSION = YES;
				CLANG_WARN_OBJC_ROOT_CLASS = YES_ERROR;
				CLANG_WARN_QUOTED_INCLUDE_IN_FRAMEWORK_HEADER = YES;
				CLANG_WARN_RANGE_LOOP_ANALYSIS = YES;
				CLANG_WARN_STRICT_PROTOTYPES = YES;
				CLANG_WARN_SUSPICIOUS_MOVE = YES;
				CLANG_WARN_UNGUARDED_AVAILABILITY = YES_AGGRESSIVE;
				CLANG_WARN_UNREACHABLE_CODE = YES;
				CLANG_WARN__DUPLICATE_METHOD_MATCH = YES;
				COPY_PHASE_STRIP = NO;
				DEBUG_INFORMATION_FORMAT = "dwarf-with-dsym";
				ENABLE_NS_ASSERTIONS = NO;
				ENABLE_STRICT_OBJC_MSGSEND = YES;
				GCC_C_LANGUAGE_STANDARD = gnu11;
				GCC_NO_COMMON_BLOCKS = YES;
				GCC_WARN_64_TO_32_BIT_CONVERSION = YES;
				GCC_WARN_ABOUT_RETURN_TYPE = YES_ERROR;
				GCC_WARN_UNDECLARED_SELECTOR = YES;
				GCC_WARN_UNINITIALIZED_AUTOS = YES_AGGRESSIVE;
				GCC_WARN_UNUSED_FUNCTION = YES;
				GCC_WARN_UNUSED_VARIABLE = YES;
				IPHONEOS_DEPLOYMENT_TARGET = 14.4;
				MTL_ENABLE_DEBUG_INFO = NO;
				MTL_FAST_MATH = YES;
				SDKROOT = iphoneos;
				SWIFT_COMPILATION_MODE = wholemodule;
				SWIFT_OPTIMIZATION_LEVEL = "-O";
				VALIDATE_PRODUCT = YES;
			};
			name = Release;
		};
		9717BEDA2612022E009EC6E4 /* Debug */ = {
			isa = XCBuildConfiguration;
			buildSettings = {
				ASSETCATALOG_COMPILER_APPICON_NAME = AppIcon;
				ASSETCATALOG_COMPILER_GLOBAL_ACCENT_COLOR_NAME = AccentColor;
				CODE_SIGN_STYLE = Automatic;
				DEVELOPMENT_TEAM = 2V4975L824;
				INFOPLIST_FILE = AppFeaturesReproduction/Info.plist;
				LD_RUNPATH_SEARCH_PATHS = (
					"$(inherited)",
					"@executable_path/Frameworks",
				);
				PRODUCT_BUNDLE_IDENTIFIER = jp.co.hotmail.lilossa.AppFeaturesReproduction;
				PRODUCT_NAME = "$(TARGET_NAME)";
				SWIFT_VERSION = 5.0;
				TARGETED_DEVICE_FAMILY = "1,2";
			};
			name = Debug;
		};
		9717BEDB2612022E009EC6E4 /* Release */ = {
			isa = XCBuildConfiguration;
			buildSettings = {
				ASSETCATALOG_COMPILER_APPICON_NAME = AppIcon;
				ASSETCATALOG_COMPILER_GLOBAL_ACCENT_COLOR_NAME = AccentColor;
				CODE_SIGN_STYLE = Automatic;
				DEVELOPMENT_TEAM = 2V4975L824;
				INFOPLIST_FILE = AppFeaturesReproduction/Info.plist;
				LD_RUNPATH_SEARCH_PATHS = (
					"$(inherited)",
					"@executable_path/Frameworks",
				);
				PRODUCT_BUNDLE_IDENTIFIER = jp.co.hotmail.lilossa.AppFeaturesReproduction;
				PRODUCT_NAME = "$(TARGET_NAME)";
				SWIFT_VERSION = 5.0;
				TARGETED_DEVICE_FAMILY = "1,2";
			};
			name = Release;
		};
/* End XCBuildConfiguration section */

/* Begin XCConfigurationList section */
		9717BEC02612022D009EC6E4 /* Build configuration list for PBXProject "AppFeaturesReproduction" */ = {
			isa = XCConfigurationList;
			buildConfigurations = (
				9717BED72612022E009EC6E4 /* Debug */,
				9717BED82612022E009EC6E4 /* Release */,
			);
			defaultConfigurationIsVisible = 0;
			defaultConfigurationName = Release;
		};
		9717BED92612022E009EC6E4 /* Build configuration list for PBXNativeTarget "AppFeaturesReproduction" */ = {
			isa = XCConfigurationList;
			buildConfigurations = (
				9717BEDA2612022E009EC6E4 /* Debug */,
				9717BEDB2612022E009EC6E4 /* Release */,
			);
			defaultConfigurationIsVisible = 0;
			defaultConfigurationName = Release;
		};
/* End XCConfigurationList section */
	};
	rootObject = 9717BEBD2612022D009EC6E4 /* Project object */;
}
