// !$*UTF8*$!
{
	archiveVersion = 1;
	classes = {
	};
	objectVersion = 51;
	objects = {

/* Begin PBXBuildFile section */
		7237B191DB752620B5ED4106 /* Pods_AppFeaturesReproduction.framework in Frameworks */ = {isa = PBXBuildFile; fileRef = 298161191EABDF332FB821B4 /* Pods_AppFeaturesReproduction.framework */; };
		9717BEC92612022D009EC6E4 /* AppDelegate.swift in Sources */ = {isa = PBXBuildFile; fileRef = 9717BEC82612022D009EC6E4 /* AppDelegate.swift */; };
		9717BECB2612022D009EC6E4 /* SceneDelegate.swift in Sources */ = {isa = PBXBuildFile; fileRef = 9717BECA2612022D009EC6E4 /* SceneDelegate.swift */; };
		9717BED22612022E009EC6E4 /* Assets.xcassets in Resources */ = {isa = PBXBuildFile; fileRef = 9717BED12612022E009EC6E4 /* Assets.xcassets */; };
		9717BED52612022E009EC6E4 /* LaunchScreen.storyboard in Resources */ = {isa = PBXBuildFile; fileRef = 9717BED32612022E009EC6E4 /* LaunchScreen.storyboard */; };
		9717BEE326120343009EC6E4 /* Main.storyboard in Resources */ = {isa = PBXBuildFile; fileRef = 9717BEE226120343009EC6E4 /* Main.storyboard */; };
		9717BEEB26120595009EC6E4 /* DataSource.swift in Sources */ = {isa = PBXBuildFile; fileRef = 9717BEEA26120595009EC6E4 /* DataSource.swift */; };
		9717BEEF26120890009EC6E4 /* RootViewController.swift in Sources */ = {isa = PBXBuildFile; fileRef = 9717BEEE26120890009EC6E4 /* RootViewController.swift */; };
		9726E7CD261518B70036A672 /* SpinningButton.storyboard in Resources */ = {isa = PBXBuildFile; fileRef = 9726E7CC261518B70036A672 /* SpinningButton.storyboard */; };
		9726E7D0261518E10036A672 /* SpinningButtonViewController.swift in Sources */ = {isa = PBXBuildFile; fileRef = 9726E7CF261518E10036A672 /* SpinningButtonViewController.swift */; };
		972E42EF2619303E00470EA4 /* SlidingTabs.swift in Sources */ = {isa = PBXBuildFile; fileRef = 972E42EE2619303E00470EA4 /* SlidingTabs.swift */; };
		972E42F2261962B200470EA4 /* SlidingTabCollectionViewCell.swift in Sources */ = {isa = PBXBuildFile; fileRef = 972E42F1261962B200470EA4 /* SlidingTabCollectionViewCell.swift */; };
		975DAEC0261A5E320076FA6B /* AutoSideScrollingText.storyboard in Resources */ = {isa = PBXBuildFile; fileRef = 975DAEBF261A5E320076FA6B /* AutoSideScrollingText.storyboard */; };
		975DAEC3261A5E470076FA6B /* AutoSideScrollingTextViewController.swift in Sources */ = {isa = PBXBuildFile; fileRef = 975DAEC2261A5E470076FA6B /* AutoSideScrollingTextViewController.swift */; };
		975DAECF261A6A170076FA6B /* UIView+.swift in Sources */ = {isa = PBXBuildFile; fileRef = 975DAECE261A6A170076FA6B /* UIView+.swift */; };
		97779CF32616AC2100B4AFE6 /* MockSplashViewController.swift in Sources */ = {isa = PBXBuildFile; fileRef = 97779CF22616AC2100B4AFE6 /* MockSplashViewController.swift */; };
		97779CF72616AF3100B4AFE6 /* SideMenuListTableViewController.swift in Sources */ = {isa = PBXBuildFile; fileRef = 97779CF62616AF3100B4AFE6 /* SideMenuListTableViewController.swift */; };
		97779CFA2616AFFF00B4AFE6 /* SideMenuList.swift in Sources */ = {isa = PBXBuildFile; fileRef = 97779CF92616AFFF00B4AFE6 /* SideMenuList.swift */; };
		97B2AEDD261675B9008943F3 /* SideMenu.storyboard in Resources */ = {isa = PBXBuildFile; fileRef = 97B2AEDC261675B9008943F3 /* SideMenu.storyboard */; };
		97B2AEE026167602008943F3 /* SideMenuViewController.swift in Sources */ = {isa = PBXBuildFile; fileRef = 97B2AEDF26167602008943F3 /* SideMenuViewController.swift */; };
		97FA8B572617C60900A8F15E /* SlidingTabBar.storyboard in Resources */ = {isa = PBXBuildFile; fileRef = 97FA8B562617C60900A8F15E /* SlidingTabBar.storyboard */; };
		97FA8B6F2617D09E00A8F15E /* SlidingTabBarViewController.swift in Sources */ = {isa = PBXBuildFile; fileRef = 97FA8B6E2617D09E00A8F15E /* SlidingTabBarViewController.swift */; };
		97FB52E1261BBABD005DF160 /* RotatingIndicator.storyboard in Resources */ = {isa = PBXBuildFile; fileRef = 97FB52E0261BBABD005DF160 /* RotatingIndicator.storyboard */; };
		97FB52E4261BBACB005DF160 /* RotatingIndicatorViewController.swift in Sources */ = {isa = PBXBuildFile; fileRef = 97FB52E3261BBACB005DF160 /* RotatingIndicatorViewController.swift */; };
		97FB52E7261BBB54005DF160 /* RotatngActiveIndicatorView.swift in Sources */ = {isa = PBXBuildFile; fileRef = 97FB52E6261BBB54005DF160 /* RotatngActiveIndicatorView.swift */; };
/* End PBXBuildFile section */

/* Begin PBXFileReference section */
		298161191EABDF332FB821B4 /* Pods_AppFeaturesReproduction.framework */ = {isa = PBXFileReference; explicitFileType = wrapper.framework; includeInIndex = 0; path = Pods_AppFeaturesReproduction.framework; sourceTree = BUILT_PRODUCTS_DIR; };
		4F1B3612A449A0A23820EBA5 /* Pods-AppFeaturesReproduction.debug.xcconfig */ = {isa = PBXFileReference; includeInIndex = 1; lastKnownFileType = text.xcconfig; name = "Pods-AppFeaturesReproduction.debug.xcconfig"; path = "Target Support Files/Pods-AppFeaturesReproduction/Pods-AppFeaturesReproduction.debug.xcconfig"; sourceTree = "<group>"; };
		9717BEC52612022D009EC6E4 /* AppFeaturesReproduction.app */ = {isa = PBXFileReference; explicitFileType = wrapper.application; includeInIndex = 0; path = AppFeaturesReproduction.app; sourceTree = BUILT_PRODUCTS_DIR; };
		9717BEC82612022D009EC6E4 /* AppDelegate.swift */ = {isa = PBXFileReference; lastKnownFileType = sourcecode.swift; path = AppDelegate.swift; sourceTree = "<group>"; };
		9717BECA2612022D009EC6E4 /* SceneDelegate.swift */ = {isa = PBXFileReference; lastKnownFileType = sourcecode.swift; path = SceneDelegate.swift; sourceTree = "<group>"; };
		9717BED12612022E009EC6E4 /* Assets.xcassets */ = {isa = PBXFileReference; lastKnownFileType = folder.assetcatalog; path = Assets.xcassets; sourceTree = "<group>"; };
		9717BED42612022E009EC6E4 /* Base */ = {isa = PBXFileReference; lastKnownFileType = file.storyboard; name = Base; path = Base.lproj/LaunchScreen.storyboard; sourceTree = "<group>"; };
		9717BED62612022E009EC6E4 /* Info.plist */ = {isa = PBXFileReference; lastKnownFileType = text.plist.xml; path = Info.plist; sourceTree = "<group>"; };
		9717BEE226120343009EC6E4 /* Main.storyboard */ = {isa = PBXFileReference; lastKnownFileType = file.storyboard; path = Main.storyboard; sourceTree = "<group>"; };
		9717BEEA26120595009EC6E4 /* DataSource.swift */ = {isa = PBXFileReference; lastKnownFileType = sourcecode.swift; path = DataSource.swift; sourceTree = "<group>"; };
		9717BEEE26120890009EC6E4 /* RootViewController.swift */ = {isa = PBXFileReference; lastKnownFileType = sourcecode.swift; path = RootViewController.swift; sourceTree = "<group>"; };
		9726E7CC261518B70036A672 /* SpinningButton.storyboard */ = {isa = PBXFileReference; lastKnownFileType = file.storyboard; path = SpinningButton.storyboard; sourceTree = "<group>"; };
		9726E7CF261518E10036A672 /* SpinningButtonViewController.swift */ = {isa = PBXFileReference; lastKnownFileType = sourcecode.swift; path = SpinningButtonViewController.swift; sourceTree = "<group>"; };
		972E42EE2619303E00470EA4 /* SlidingTabs.swift */ = {isa = PBXFileReference; lastKnownFileType = sourcecode.swift; path = SlidingTabs.swift; sourceTree = "<group>"; };
		972E42F1261962B200470EA4 /* SlidingTabCollectionViewCell.swift */ = {isa = PBXFileReference; lastKnownFileType = sourcecode.swift; path = SlidingTabCollectionViewCell.swift; sourceTree = "<group>"; };
		975DAEBF261A5E320076FA6B /* AutoSideScrollingText.storyboard */ = {isa = PBXFileReference; lastKnownFileType = file.storyboard; path = AutoSideScrollingText.storyboard; sourceTree = "<group>"; };
		975DAEC2261A5E470076FA6B /* AutoSideScrollingTextViewController.swift */ = {isa = PBXFileReference; lastKnownFileType = sourcecode.swift; path = AutoSideScrollingTextViewController.swift; sourceTree = "<group>"; };
		975DAECE261A6A170076FA6B /* UIView+.swift */ = {isa = PBXFileReference; lastKnownFileType = sourcecode.swift; path = "UIView+.swift"; sourceTree = "<group>"; };
		97779CF22616AC2100B4AFE6 /* MockSplashViewController.swift */ = {isa = PBXFileReference; lastKnownFileType = sourcecode.swift; path = MockSplashViewController.swift; sourceTree = "<group>"; };
		97779CF62616AF3100B4AFE6 /* SideMenuListTableViewController.swift */ = {isa = PBXFileReference; lastKnownFileType = sourcecode.swift; path = SideMenuListTableViewController.swift; sourceTree = "<group>"; };
		97779CF92616AFFF00B4AFE6 /* SideMenuList.swift */ = {isa = PBXFileReference; lastKnownFileType = sourcecode.swift; path = SideMenuList.swift; sourceTree = "<group>"; };
		97B2AEDC261675B9008943F3 /* SideMenu.storyboard */ = {isa = PBXFileReference; lastKnownFileType = file.storyboard; path = SideMenu.storyboard; sourceTree = "<group>"; };
		97B2AEDF26167602008943F3 /* SideMenuViewController.swift */ = {isa = PBXFileReference; lastKnownFileType = sourcecode.swift; path = SideMenuViewController.swift; sourceTree = "<group>"; };
		97FA8B562617C60900A8F15E /* SlidingTabBar.storyboard */ = {isa = PBXFileReference; lastKnownFileType = file.storyboard; path = SlidingTabBar.storyboard; sourceTree = "<group>"; };
		97FA8B6E2617D09E00A8F15E /* SlidingTabBarViewController.swift */ = {isa = PBXFileReference; lastKnownFileType = sourcecode.swift; path = SlidingTabBarViewController.swift; sourceTree = "<group>"; };
		97FB52E0261BBABD005DF160 /* RotatingIndicator.storyboard */ = {isa = PBXFileReference; lastKnownFileType = file.storyboard; path = RotatingIndicator.storyboard; sourceTree = "<group>"; };
		97FB52E3261BBACB005DF160 /* RotatingIndicatorViewController.swift */ = {isa = PBXFileReference; lastKnownFileType = sourcecode.swift; path = RotatingIndicatorViewController.swift; sourceTree = "<group>"; };
		97FB52E6261BBB54005DF160 /* RotatngActiveIndicatorView.swift */ = {isa = PBXFileReference; lastKnownFileType = sourcecode.swift; path = RotatngActiveIndicatorView.swift; sourceTree = "<group>"; };
		D2AB97EA0FCE4498B8CE6F3A /* Pods-AppFeaturesReproduction.release.xcconfig */ = {isa = PBXFileReference; includeInIndex = 1; lastKnownFileType = text.xcconfig; name = "Pods-AppFeaturesReproduction.release.xcconfig"; path = "Target Support Files/Pods-AppFeaturesReproduction/Pods-AppFeaturesReproduction.release.xcconfig"; sourceTree = "<group>"; };
/* End PBXFileReference section */

/* Begin PBXFrameworksBuildPhase section */
		9717BEC22612022D009EC6E4 /* Frameworks */ = {
			isa = PBXFrameworksBuildPhase;
			buildActionMask = 2147483647;
			files = (
				7237B191DB752620B5ED4106 /* Pods_AppFeaturesReproduction.framework in Frameworks */,
			);
			runOnlyForDeploymentPostprocessing = 0;
		};
/* End PBXFrameworksBuildPhase section */

/* Begin PBXGroup section */
		909919F61EC5CF1095E38AD9 /* Pods */ = {
			isa = PBXGroup;
			children = (
				4F1B3612A449A0A23820EBA5 /* Pods-AppFeaturesReproduction.debug.xcconfig */,
				D2AB97EA0FCE4498B8CE6F3A /* Pods-AppFeaturesReproduction.release.xcconfig */,
			);
			path = Pods;
			sourceTree = "<group>";
		};
		9717BEBC2612022D009EC6E4 = {
			isa = PBXGroup;
			children = (
				9717BEC72612022D009EC6E4 /* AppFeaturesReproduction */,
				9717BEC62612022D009EC6E4 /* Products */,
				909919F61EC5CF1095E38AD9 /* Pods */,
				C50FD7437568FD002A9433F6 /* Frameworks */,
			);
			sourceTree = "<group>";
		};
		9717BEC62612022D009EC6E4 /* Products */ = {
			isa = PBXGroup;
			children = (
				9717BEC52612022D009EC6E4 /* AppFeaturesReproduction.app */,
			);
			name = Products;
			sourceTree = "<group>";
		};
		9717BEC72612022D009EC6E4 /* AppFeaturesReproduction */ = {
			isa = PBXGroup;
			children = (
				9717BEF126121222009EC6E4 /* AppFeatures */,
				9717BEEA26120595009EC6E4 /* DataSource.swift */,
				9717BEEE26120890009EC6E4 /* RootViewController.swift */,
				9717BEE226120343009EC6E4 /* Main.storyboard */,
				9717BED12612022E009EC6E4 /* Assets.xcassets */,
				9717BED32612022E009EC6E4 /* LaunchScreen.storyboard */,
				9717BEC82612022D009EC6E4 /* AppDelegate.swift */,
				9717BECA2612022D009EC6E4 /* SceneDelegate.swift */,
				9717BED62612022E009EC6E4 /* Info.plist */,
			);
			path = AppFeaturesReproduction;
			sourceTree = "<group>";
		};
		9717BEF126121222009EC6E4 /* AppFeatures */ = {
			isa = PBXGroup;
			children = (
				9717BEF226121244009EC6E4 /* 1 */,
				97B2AEDB261675A4008943F3 /* 2 */,
				97FA8B552617C51300A8F15E /* 3 */,
				975DAEBE261A5DF70076FA6B /* 4 */,
				97FB52DF261BBA8E005DF160 /* 5 */,
			);
			path = AppFeatures;
			sourceTree = "<group>";
		};
		9717BEF226121244009EC6E4 /* 1 */ = {
			isa = PBXGroup;
			children = (
				9726E7CC261518B70036A672 /* SpinningButton.storyboard */,
				9726E7CF261518E10036A672 /* SpinningButtonViewController.swift */,
			);
			path = 1;
			sourceTree = "<group>";
		};
		975DAEBE261A5DF70076FA6B /* 4 */ = {
			isa = PBXGroup;
			children = (
				975DAECE261A6A170076FA6B /* UIView+.swift */,
				975DAEBF261A5E320076FA6B /* AutoSideScrollingText.storyboard */,
				975DAEC2261A5E470076FA6B /* AutoSideScrollingTextViewController.swift */,
			);
			path = 4;
			sourceTree = "<group>";
		};
		97B2AEDB261675A4008943F3 /* 2 */ = {
			isa = PBXGroup;
			children = (
				97B2AEDC261675B9008943F3 /* SideMenu.storyboard */,
				97B2AEDF26167602008943F3 /* SideMenuViewController.swift */,
				97779CF62616AF3100B4AFE6 /* SideMenuListTableViewController.swift */,
				97779CF92616AFFF00B4AFE6 /* SideMenuList.swift */,
				97779CF22616AC2100B4AFE6 /* MockSplashViewController.swift */,
			);
			path = 2;
			sourceTree = "<group>";
		};
		97FA8B552617C51300A8F15E /* 3 */ = {
			isa = PBXGroup;
			children = (
				97FA8B562617C60900A8F15E /* SlidingTabBar.storyboard */,
				972E42EE2619303E00470EA4 /* SlidingTabs.swift */,
				972E42F1261962B200470EA4 /* SlidingTabCollectionViewCell.swift */,
				97FA8B6E2617D09E00A8F15E /* SlidingTabBarViewController.swift */,
			);
			path = 3;
			sourceTree = "<group>";
		};
		97FB52DF261BBA8E005DF160 /* 5 */ = {
			isa = PBXGroup;
			children = (
				97FB52E0261BBABD005DF160 /* RotatingIndicator.storyboard */,
				97FB52E6261BBB54005DF160 /* RotatngActiveIndicatorView.swift */,
				97FB52E3261BBACB005DF160 /* RotatingIndicatorViewController.swift */,
			);
			path = 5;
			sourceTree = "<group>";
		};
		C50FD7437568FD002A9433F6 /* Frameworks */ = {
			isa = PBXGroup;
			children = (
				298161191EABDF332FB821B4 /* Pods_AppFeaturesReproduction.framework */,
			);
			name = Frameworks;
			sourceTree = "<group>";
		};
/* End PBXGroup section */

/* Begin PBXNativeTarget section */
		9717BEC42612022D009EC6E4 /* AppFeaturesReproduction */ = {
			isa = PBXNativeTarget;
			buildConfigurationList = 9717BED92612022E009EC6E4 /* Build configuration list for PBXNativeTarget "AppFeaturesReproduction" */;
			buildPhases = (
				FC8F982940D3CF970480C611 /* [CP] Check Pods Manifest.lock */,
				9717BEC12612022D009EC6E4 /* Sources */,
				9717BEC22612022D009EC6E4 /* Frameworks */,
				9717BEC32612022D009EC6E4 /* Resources */,
				8FF5609F84DBE8E248CE9D1B /* [CP] Embed Pods Frameworks */,
			);
			buildRules = (
			);
			dependencies = (
			);
			name = AppFeaturesReproduction;
			productName = AppFeaturesReproduction;
			productReference = 9717BEC52612022D009EC6E4 /* AppFeaturesReproduction.app */;
			productType = "com.apple.product-type.application";
		};
/* End PBXNativeTarget section */

/* Begin PBXProject section */
		9717BEBD2612022D009EC6E4 /* Project object */ = {
			isa = PBXProject;
			attributes = {
				LastSwiftUpdateCheck = 1240;
				LastUpgradeCheck = 1240;
				TargetAttributes = {
					9717BEC42612022D009EC6E4 = {
						CreatedOnToolsVersion = 12.4;
					};
				};
			};
			buildConfigurationList = 9717BEC02612022D009EC6E4 /* Build configuration list for PBXProject "AppFeaturesReproduction" */;
			compatibilityVersion = "Xcode 9.3";
			developmentRegion = en;
			hasScannedForEncodings = 0;
			knownRegions = (
				en,
				Base,
			);
			mainGroup = 9717BEBC2612022D009EC6E4;
			productRefGroup = 9717BEC62612022D009EC6E4 /* Products */;
			projectDirPath = "";
			projectRoot = "";
			targets = (
				9717BEC42612022D009EC6E4 /* AppFeaturesReproduction */,
			);
		};
/* End PBXProject section */

/* Begin PBXResourcesBuildPhase section */
		9717BEC32612022D009EC6E4 /* Resources */ = {
			isa = PBXResourcesBuildPhase;
			buildActionMask = 2147483647;
			files = (
				97FB52E1261BBABD005DF160 /* RotatingIndicator.storyboard in Resources */,
				9717BEE326120343009EC6E4 /* Main.storyboard in Resources */,
				975DAEC0261A5E320076FA6B /* AutoSideScrollingText.storyboard in Resources */,
				97FA8B572617C60900A8F15E /* SlidingTabBar.storyboard in Resources */,
				97B2AEDD261675B9008943F3 /* SideMenu.storyboard in Resources */,
				9717BED52612022E009EC6E4 /* LaunchScreen.storyboard in Resources */,
				9726E7CD261518B70036A672 /* SpinningButton.storyboard in Resources */,
				9717BED22612022E009EC6E4 /* Assets.xcassets in Resources */,
			);
			runOnlyForDeploymentPostprocessing = 0;
		};
/* End PBXResourcesBuildPhase section */

/* Begin PBXShellScriptBuildPhase section */
		8FF5609F84DBE8E248CE9D1B /* [CP] Embed Pods Frameworks */ = {
			isa = PBXShellScriptBuildPhase;
			buildActionMask = 2147483647;
			files = (
			);
			inputFileListPaths = (
				"${PODS_ROOT}/Target Support Files/Pods-AppFeaturesReproduction/Pods-AppFeaturesReproduction-frameworks-${CONFIGURATION}-input-files.xcfilelist",
			);
			name = "[CP] Embed Pods Frameworks";
			outputFileListPaths = (
				"${PODS_ROOT}/Target Support Files/Pods-AppFeaturesReproduction/Pods-AppFeaturesReproduction-frameworks-${CONFIGURATION}-output-files.xcfilelist",
			);
			runOnlyForDeploymentPostprocessing = 0;
			shellPath = /bin/sh;
			shellScript = "\"${PODS_ROOT}/Target Support Files/Pods-AppFeaturesReproduction/Pods-AppFeaturesReproduction-frameworks.sh\"\n";
			showEnvVarsInLog = 0;
		};
		FC8F982940D3CF970480C611 /* [CP] Check Pods Manifest.lock */ = {
			isa = PBXShellScriptBuildPhase;
			buildActionMask = 2147483647;
			files = (
			);
			inputFileListPaths = (
			);
			inputPaths = (
				"${PODS_PODFILE_DIR_PATH}/Podfile.lock",
				"${PODS_ROOT}/Manifest.lock",
			);
			name = "[CP] Check Pods Manifest.lock";
			outputFileListPaths = (
			);
			outputPaths = (
				"$(DERIVED_FILE_DIR)/Pods-AppFeaturesReproduction-checkManifestLockResult.txt",
			);
			runOnlyForDeploymentPostprocessing = 0;
			shellPath = /bin/sh;
			shellScript = "diff \"${PODS_PODFILE_DIR_PATH}/Podfile.lock\" \"${PODS_ROOT}/Manifest.lock\" > /dev/null\nif [ $? != 0 ] ; then\n    # print error to STDERR\n    echo \"error: The sandbox is not in sync with the Podfile.lock. Run 'pod install' or update your CocoaPods installation.\" >&2\n    exit 1\nfi\n# This output is used by Xcode 'outputs' to avoid re-running this script phase.\necho \"SUCCESS\" > \"${SCRIPT_OUTPUT_FILE_0}\"\n";
			showEnvVarsInLog = 0;
		};
/* End PBXShellScriptBuildPhase section */

/* Begin PBXSourcesBuildPhase section */
		9717BEC12612022D009EC6E4 /* Sources */ = {
			isa = PBXSourcesBuildPhase;
			buildActionMask = 2147483647;
			files = (
				9717BEC92612022D009EC6E4 /* AppDelegate.swift in Sources */,
				97FA8B6F2617D09E00A8F15E /* SlidingTabBarViewController.swift in Sources */,
				975DAECF261A6A170076FA6B /* UIView+.swift in Sources */,
				9717BEEB26120595009EC6E4 /* DataSource.swift in Sources */,
				9717BEEF26120890009EC6E4 /* RootViewController.swift in Sources */,
				9726E7D0261518E10036A672 /* SpinningButtonViewController.swift in Sources */,
				972E42EF2619303E00470EA4 /* SlidingTabs.swift in Sources */,
				97779CF32616AC2100B4AFE6 /* MockSplashViewController.swift in Sources */,
				972E42F2261962B200470EA4 /* SlidingTabCollectionViewCell.swift in Sources */,
				97779CF72616AF3100B4AFE6 /* SideMenuListTableViewController.swift in Sources */,
				975DAEC3261A5E470076FA6B /* AutoSideScrollingTextViewController.swift in Sources */,
				97779CFA2616AFFF00B4AFE6 /* SideMenuList.swift in Sources */,
				97B2AEE026167602008943F3 /* SideMenuViewController.swift in Sources */,
				9717BECB2612022D009EC6E4 /* SceneDelegate.swift in Sources */,
				97FB52E4261BBACB005DF160 /* RotatingIndicatorViewController.swift in Sources */,
				97FB52E7261BBB54005DF160 /* RotatngActiveIndicatorView.swift in Sources */,
			);
			runOnlyForDeploymentPostprocessing = 0;
		};
/* End PBXSourcesBuildPhase section */

/* Begin PBXVariantGroup section */
		9717BED32612022E009EC6E4 /* LaunchScreen.storyboard */ = {
			isa = PBXVariantGroup;
			children = (
				9717BED42612022E009EC6E4 /* Base */,
			);
			name = LaunchScreen.storyboard;
			sourceTree = "<group>";
		};
/* End PBXVariantGroup section */

/* Begin XCBuildConfiguration section */
		9717BED72612022E009EC6E4 /* Debug */ = {
			isa = XCBuildConfiguration;
			buildSettings = {
				ALWAYS_SEARCH_USER_PATHS = NO;
				CLANG_ANALYZER_NONNULL = YES;
				CLANG_ANALYZER_NUMBER_OBJECT_CONVERSION = YES_AGGRESSIVE;
				CLANG_CXX_LANGUAGE_STANDARD = "gnu++14";
				CLANG_CXX_LIBRARY = "libc++";
				CLANG_ENABLE_MODULES = YES;
				CLANG_ENABLE_OBJC_ARC = YES;
				CLANG_ENABLE_OBJC_WEAK = YES;
				CLANG_WARN_BLOCK_CAPTURE_AUTORELEASING = YES;
				CLANG_WARN_BOOL_CONVERSION = YES;
				CLANG_WARN_COMMA = YES;
				CLANG_WARN_CONSTANT_CONVERSION = YES;
				CLANG_WARN_DEPRECATED_OBJC_IMPLEMENTATIONS = YES;
				CLANG_WARN_DIRECT_OBJC_ISA_USAGE = YES_ERROR;
				CLANG_WARN_DOCUMENTATION_COMMENTS = YES;
				CLANG_WARN_EMPTY_BODY = YES;
				CLANG_WARN_ENUM_CONVERSION = YES;
				CLANG_WARN_INFINITE_RECURSION = YES;
				CLANG_WARN_INT_CONVERSION = YES;
				CLANG_WARN_NON_LITERAL_NULL_CONVERSION = YES;
				CLANG_WARN_OBJC_IMPLICIT_RETAIN_SELF = YES;
				CLANG_WARN_OBJC_LITERAL_CONVERSION = YES;
				CLANG_WARN_OBJC_ROOT_CLASS = YES_ERROR;
				CLANG_WARN_QUOTED_INCLUDE_IN_FRAMEWORK_HEADER = YES;
				CLANG_WARN_RANGE_LOOP_ANALYSIS = YES;
				CLANG_WARN_STRICT_PROTOTYPES = YES;
				CLANG_WARN_SUSPICIOUS_MOVE = YES;
				CLANG_WARN_UNGUARDED_AVAILABILITY = YES_AGGRESSIVE;
				CLANG_WARN_UNREACHABLE_CODE = YES;
				CLANG_WARN__DUPLICATE_METHOD_MATCH = YES;
				COPY_PHASE_STRIP = NO;
				DEBUG_INFORMATION_FORMAT = dwarf;
				ENABLE_STRICT_OBJC_MSGSEND = YES;
				ENABLE_TESTABILITY = YES;
				GCC_C_LANGUAGE_STANDARD = gnu11;
				GCC_DYNAMIC_NO_PIC = NO;
				GCC_NO_COMMON_BLOCKS = YES;
				GCC_OPTIMIZATION_LEVEL = 0;
				GCC_PREPROCESSOR_DEFINITIONS = (
					"DEBUG=1",
					"$(inherited)",
				);
				GCC_WARN_64_TO_32_BIT_CONVERSION = YES;
				GCC_WARN_ABOUT_RETURN_TYPE = YES_ERROR;
				GCC_WARN_UNDECLARED_SELECTOR = YES;
				GCC_WARN_UNINITIALIZED_AUTOS = YES_AGGRESSIVE;
				GCC_WARN_UNUSED_FUNCTION = YES;
				GCC_WARN_UNUSED_VARIABLE = YES;
				IPHONEOS_DEPLOYMENT_TARGET = 14.4;
				MTL_ENABLE_DEBUG_INFO = INCLUDE_SOURCE;
				MTL_FAST_MATH = YES;
				ONLY_ACTIVE_ARCH = YES;
				SDKROOT = iphoneos;
				SWIFT_ACTIVE_COMPILATION_CONDITIONS = DEBUG;
				SWIFT_OPTIMIZATION_LEVEL = "-Onone";
			};
			name = Debug;
		};
		9717BED82612022E009EC6E4 /* Release */ = {
			isa = XCBuildConfiguration;
			buildSettings = {
				ALWAYS_SEARCH_USER_PATHS = NO;
				CLANG_ANALYZER_NONNULL = YES;
				CLANG_ANALYZER_NUMBER_OBJECT_CONVERSION = YES_AGGRESSIVE;
				CLANG_CXX_LANGUAGE_STANDARD = "gnu++14";
				CLANG_CXX_LIBRARY = "libc++";
				CLANG_ENABLE_MODULES = YES;
				CLANG_ENABLE_OBJC_ARC = YES;
				CLANG_ENABLE_OBJC_WEAK = YES;
				CLANG_WARN_BLOCK_CAPTURE_AUTORELEASING = YES;
				CLANG_WARN_BOOL_CONVERSION = YES;
				CLANG_WARN_COMMA = YES;
				CLANG_WARN_CONSTANT_CONVERSION = YES;
				CLANG_WARN_DEPRECATED_OBJC_IMPLEMENTATIONS = YES;
				CLANG_WARN_DIRECT_OBJC_ISA_USAGE = YES_ERROR;
				CLANG_WARN_DOCUMENTATION_COMMENTS = YES;
				CLANG_WARN_EMPTY_BODY = YES;
				CLANG_WARN_ENUM_CONVERSION = YES;
				CLANG_WARN_INFINITE_RECURSION = YES;
				CLANG_WARN_INT_CONVERSION = YES;
				CLANG_WARN_NON_LITERAL_NULL_CONVERSION = YES;
				CLANG_WARN_OBJC_IMPLICIT_RETAIN_SELF = YES;
				CLANG_WARN_OBJC_LITERAL_CONVERSION = YES;
				CLANG_WARN_OBJC_ROOT_CLASS = YES_ERROR;
				CLANG_WARN_QUOTED_INCLUDE_IN_FRAMEWORK_HEADER = YES;
				CLANG_WARN_RANGE_LOOP_ANALYSIS = YES;
				CLANG_WARN_STRICT_PROTOTYPES = YES;
				CLANG_WARN_SUSPICIOUS_MOVE = YES;
				CLANG_WARN_UNGUARDED_AVAILABILITY = YES_AGGRESSIVE;
				CLANG_WARN_UNREACHABLE_CODE = YES;
				CLANG_WARN__DUPLICATE_METHOD_MATCH = YES;
				COPY_PHASE_STRIP = NO;
				DEBUG_INFORMATION_FORMAT = "dwarf-with-dsym";
				ENABLE_NS_ASSERTIONS = NO;
				ENABLE_STRICT_OBJC_MSGSEND = YES;
				GCC_C_LANGUAGE_STANDARD = gnu11;
				GCC_NO_COMMON_BLOCKS = YES;
				GCC_WARN_64_TO_32_BIT_CONVERSION = YES;
				GCC_WARN_ABOUT_RETURN_TYPE = YES_ERROR;
				GCC_WARN_UNDECLARED_SELECTOR = YES;
				GCC_WARN_UNINITIALIZED_AUTOS = YES_AGGRESSIVE;
				GCC_WARN_UNUSED_FUNCTION = YES;
				GCC_WARN_UNUSED_VARIABLE = YES;
				IPHONEOS_DEPLOYMENT_TARGET = 14.4;
				MTL_ENABLE_DEBUG_INFO = NO;
				MTL_FAST_MATH = YES;
				SDKROOT = iphoneos;
				SWIFT_COMPILATION_MODE = wholemodule;
				SWIFT_OPTIMIZATION_LEVEL = "-O";
				VALIDATE_PRODUCT = YES;
			};
			name = Release;
		};
		9717BEDA2612022E009EC6E4 /* Debug */ = {
			isa = XCBuildConfiguration;
			baseConfigurationReference = 4F1B3612A449A0A23820EBA5 /* Pods-AppFeaturesReproduction.debug.xcconfig */;
			buildSettings = {
				ASSETCATALOG_COMPILER_APPICON_NAME = AppIcon;
				ASSETCATALOG_COMPILER_GLOBAL_ACCENT_COLOR_NAME = AccentColor;
				CODE_SIGN_STYLE = Automatic;
				DEVELOPMENT_TEAM = 2V4975L824;
				INFOPLIST_FILE = AppFeaturesReproduction/Info.plist;
				LD_RUNPATH_SEARCH_PATHS = (
					"$(inherited)",
					"@executable_path/Frameworks",
				);
				PRODUCT_BUNDLE_IDENTIFIER = jp.co.hotmail.lilossa.AppFeaturesReproduction;
				PRODUCT_NAME = "$(TARGET_NAME)";
				SWIFT_VERSION = 5.0;
				TARGETED_DEVICE_FAMILY = "1,2";
			};
			name = Debug;
		};
		9717BEDB2612022E009EC6E4 /* Release */ = {
			isa = XCBuildConfiguration;
			baseConfigurationReference = D2AB97EA0FCE4498B8CE6F3A /* Pods-AppFeaturesReproduction.release.xcconfig */;
			buildSettings = {
				ASSETCATALOG_COMPILER_APPICON_NAME = AppIcon;
				ASSETCATALOG_COMPILER_GLOBAL_ACCENT_COLOR_NAME = AccentColor;
				CODE_SIGN_STYLE = Automatic;
				DEVELOPMENT_TEAM = 2V4975L824;
				INFOPLIST_FILE = AppFeaturesReproduction/Info.plist;
				LD_RUNPATH_SEARCH_PATHS = (
					"$(inherited)",
					"@executable_path/Frameworks",
				);
				PRODUCT_BUNDLE_IDENTIFIER = jp.co.hotmail.lilossa.AppFeaturesReproduction;
				PRODUCT_NAME = "$(TARGET_NAME)";
				SWIFT_VERSION = 5.0;
				TARGETED_DEVICE_FAMILY = "1,2";
			};
			name = Release;
		};
/* End XCBuildConfiguration section */

/* Begin XCConfigurationList section */
		9717BEC02612022D009EC6E4 /* Build configuration list for PBXProject "AppFeaturesReproduction" */ = {
			isa = XCConfigurationList;
			buildConfigurations = (
				9717BED72612022E009EC6E4 /* Debug */,
				9717BED82612022E009EC6E4 /* Release */,
			);
			defaultConfigurationIsVisible = 0;
			defaultConfigurationName = Release;
		};
		9717BED92612022E009EC6E4 /* Build configuration list for PBXNativeTarget "AppFeaturesReproduction" */ = {
			isa = XCConfigurationList;
			buildConfigurations = (
				9717BEDA2612022E009EC6E4 /* Debug */,
				9717BEDB2612022E009EC6E4 /* Release */,
			);
			defaultConfigurationIsVisible = 0;
			defaultConfigurationName = Release;
		};
/* End XCConfigurationList section */
	};
	rootObject = 9717BEBD2612022D009EC6E4 /* Project object */;
}
